
Microsoft Visual Studio Solution File, Format Version 12.00
# Visual Studio 15
VisualStudioVersion = 15.0.26403.3
MinimumVisualStudioVersion = 10.0.40219.1
Project("{FAE04EC0-301F-11D3-BF4B-00C04F79EFBC}") = "OpMgr.Leave.Attendance", "OpMgr.Leave.Attendance\OpMgr.Leave.Attendance.csproj", "{4D428746-46D4-4B67-B6DC-FFD592AB8CE0}"
EndProject
Project("{FAE04EC0-301F-11D3-BF4B-00C04F79EFBC}") = "OpMgr.Leave.Attendance.Tests", "OpMgr.Leave.Attendance.Tests\OpMgr.Leave.Attendance.Tests.csproj", "{797BBE55-CF50-4772-B7FF-4772D71B4A16}"
EndProject
Global
	GlobalSection(SolutionConfigurationPlatforms) = preSolution
		Debug|Any CPU = Debug|Any CPU
		Release|Any CPU = Release|Any CPU
	EndGlobalSection
	GlobalSection(ProjectConfigurationPlatforms) = postSolution
		{4D428746-46D4-4B67-B6DC-FFD592AB8CE0}.Debug|Any CPU.ActiveCfg = Debug|Any CPU
		{4D428746-46D4-4B67-B6DC-FFD592AB8CE0}.Debug|Any CPU.Build.0 = Debug|Any CPU
		{4D428746-46D4-4B67-B6DC-FFD592AB8CE0}.Release|Any CPU.ActiveCfg = Release|Any CPU
		{4D428746-46D4-4B67-B6DC-FFD592AB8CE0}.Release|Any CPU.Build.0 = Release|Any CPU
		{797BBE55-CF50-4772-B7FF-4772D71B4A16}.Debug|Any CPU.ActiveCfg = Debug|Any CPU
		{797BBE55-CF50-4772-B7FF-4772D71B4A16}.Debug|Any CPU.Build.0 = Debug|Any CPU
		{797BBE55-CF50-4772-B7FF-4772D71B4A16}.Release|Any CPU.ActiveCfg = Release|Any CPU
		{797BBE55-CF50-4772-B7FF-4772D71B4A16}.Release|Any CPU.Build.0 = Release|Any CPU
	EndGlobalSection
	GlobalSection(SolutionProperties) = preSolution
		HideSolutionNode = FALSE
	EndGlobalSection
EndGlobal
